
Microsoft Visual Studio Solution File, Format Version 12.00
# Visual Studio Version 17
VisualStudioVersion = 17.10.35122.118
MinimumVisualStudioVersion = 10.0.40219.1
Project("{FAE04EC0-301F-11D3-BF4B-00C04F79EFBC}") = "QuangGPA", "QuangGPA\QuangGPA.csproj", "{3D58843E-CD13-4EBA-86B1-BFC77A314995}"
EndProject
Global
	GlobalSection(SolutionConfigurationPlatforms) = preSolution
		Debug|Any CPU = Debug|Any CPU
		Release|Any CPU = Release|Any CPU
	EndGlobalSection
	GlobalSection(ProjectConfigurationPlatforms) = postSolution
		{3D58843E-CD13-4EBA-86B1-BFC77A314995}.Debug|Any CPU.ActiveCfg = Debug|Any CPU
		{3D58843E-CD13-4EBA-86B1-BFC77A314995}.Debug|Any CPU.Build.0 = Debug|Any CPU
		{3D58843E-CD13-4EBA-86B1-BFC77A314995}.Release|Any CPU.ActiveCfg = Release|Any CPU
		{3D58843E-CD13-4EBA-86B1-BFC77A314995}.Release|Any CPU.Build.0 = Release|Any CPU
	EndGlobalSection
	GlobalSection(SolutionProperties) = preSolution
		HideSolutionNode = FALSE
	EndGlobalSection
	GlobalSection(ExtensibilityGlobals) = postSolution
		SolutionGuid = {5FC5A377-71A7-43E0-A46A-FCCE30573C2C}
	EndGlobalSection
EndGlobal
